// !$*UTF8*$!
{
	archiveVersion = 1;
	classes = {
	};
	objectVersion = 51;
	objects = {

/* Begin PBXBuildFile section */
		5812C118257C6AF1002F88CA /* TabBarViewController.swift in Sources */ = {isa = PBXBuildFile; fileRef = 5812C117257C6AF1002F88CA /* TabBarViewController.swift */; };
		5812C11C257C6B9C002F88CA /* MapViewController.swift in Sources */ = {isa = PBXBuildFile; fileRef = 5812C11B257C6B9C002F88CA /* MapViewController.swift */; };
		5812C120257C7E34002F88CA /* UserViewController.swift in Sources */ = {isa = PBXBuildFile; fileRef = 5812C11F257C7E34002F88CA /* UserViewController.swift */; };
		5812C124257C81A2002F88CA /* FavoritesViewController.swift in Sources */ = {isa = PBXBuildFile; fileRef = 5812C123257C81A2002F88CA /* FavoritesViewController.swift */; };
		5812C12F257C88E1002F88CA /* Filter.swift in Sources */ = {isa = PBXBuildFile; fileRef = 5812C12E257C88E1002F88CA /* Filter.swift */; };
		5812C135257C88FB002F88CA /* FilterCollectionViewCell.swift in Sources */ = {isa = PBXBuildFile; fileRef = 5812C134257C88FB002F88CA /* FilterCollectionViewCell.swift */; };
		5813E0F6257C453B004F4FA9 /* AppDelegate.swift in Sources */ = {isa = PBXBuildFile; fileRef = 5813E0F5257C453B004F4FA9 /* AppDelegate.swift */; };
		5813E0F8257C453B004F4FA9 /* SceneDelegate.swift in Sources */ = {isa = PBXBuildFile; fileRef = 5813E0F7257C453B004F4FA9 /* SceneDelegate.swift */; };
		5813E0FA257C453B004F4FA9 /* ViewController.swift in Sources */ = {isa = PBXBuildFile; fileRef = 5813E0F9257C453B004F4FA9 /* ViewController.swift */; };
		5813E0FF257C453D004F4FA9 /* Assets.xcassets in Resources */ = {isa = PBXBuildFile; fileRef = 5813E0FE257C453D004F4FA9 /* Assets.xcassets */; };
		5813E102257C453D004F4FA9 /* LaunchScreen.storyboard in Resources */ = {isa = PBXBuildFile; fileRef = 5813E100257C453D004F4FA9 /* LaunchScreen.storyboard */; };
		5840AA0C257D339E0075EB1D /* Place.swift in Sources */ = {isa = PBXBuildFile; fileRef = 5840AA0B257D339E0075EB1D /* Place.swift */; };
		5840AA10257D39C80075EB1D /* PlaceCollectionViewCell.swift in Sources */ = {isa = PBXBuildFile; fileRef = 5840AA0F257D39C80075EB1D /* PlaceCollectionViewCell.swift */; };
		5840AA16257D4C210075EB1D /* SearchFilterDelegateController.swift in Sources */ = {isa = PBXBuildFile; fileRef = 5840AA15257D4C210075EB1D /* SearchFilterDelegateController.swift */; };
		585572BC25813AAB00D5226B /* StarView.swift in Sources */ = {isa = PBXBuildFile; fileRef = 585572BB25813AAB00D5226B /* StarView.swift */; };
		585572BF2582F6E900D5226B /* AddReviewViewController.swift in Sources */ = {isa = PBXBuildFile; fileRef = 585572BE2582F6E900D5226B /* AddReviewViewController.swift */; };
		5865BCFC257FFEE800F1A0AB /* PlaceDetailViewController.swift in Sources */ = {isa = PBXBuildFile; fileRef = 5865BCFB257FFEE800F1A0AB /* PlaceDetailViewController.swift */; };
		5865BD0525807CEF00F1A0AB /* Review.swift in Sources */ = {isa = PBXBuildFile; fileRef = 5865BD0425807CEF00F1A0AB /* Review.swift */; };
		5865BD082581108700F1A0AB /* ReviewCollectionViewCell.swift in Sources */ = {isa = PBXBuildFile; fileRef = 5865BD072581108700F1A0AB /* ReviewCollectionViewCell.swift */; };
		589EE6E5257EBE69003B2B3B /* Data.swift in Sources */ = {isa = PBXBuildFile; fileRef = 589EE6E4257EBE69003B2B3B /* Data.swift */; };
		81777D94215C8C4E359760A1 /* Pods_Places.framework in Frameworks */ = {isa = PBXBuildFile; fileRef = F88186A1449E4E990EF8E1AA /* Pods_Places.framework */; };
		B47A5A492580778A00BE0503 /* SignUpViewController.swift in Sources */ = {isa = PBXBuildFile; fileRef = B47A5A482580778A00BE0503 /* SignUpViewController.swift */; };
		B4A31FA52585B9AA00DB83F9 /* NetworkManager.swift in Sources */ = {isa = PBXBuildFile; fileRef = B4A31FA42585B9AA00DB83F9 /* NetworkManager.swift */; };
		B4A31FAC2585BA7F00DB83F9 /* User.swift in Sources */ = {isa = PBXBuildFile; fileRef = B4A31FAB2585BA7F00DB83F9 /* User.swift */; };
/* End PBXBuildFile section */

/* Begin PBXFileReference section */
		43BACB207D777A151F12732C /* Pods-Places.release.xcconfig */ = {isa = PBXFileReference; includeInIndex = 1; lastKnownFileType = text.xcconfig; name = "Pods-Places.release.xcconfig"; path = "Target Support Files/Pods-Places/Pods-Places.release.xcconfig"; sourceTree = "<group>"; };
		5812C117257C6AF1002F88CA /* TabBarViewController.swift */ = {isa = PBXFileReference; lastKnownFileType = sourcecode.swift; path = TabBarViewController.swift; sourceTree = "<group>"; };
		5812C11B257C6B9C002F88CA /* MapViewController.swift */ = {isa = PBXFileReference; lastKnownFileType = sourcecode.swift; path = MapViewController.swift; sourceTree = "<group>"; };
		5812C11F257C7E34002F88CA /* UserViewController.swift */ = {isa = PBXFileReference; lastKnownFileType = sourcecode.swift; path = UserViewController.swift; sourceTree = "<group>"; };
		5812C123257C81A2002F88CA /* FavoritesViewController.swift */ = {isa = PBXFileReference; lastKnownFileType = sourcecode.swift; path = FavoritesViewController.swift; sourceTree = "<group>"; };
		5812C12E257C88E1002F88CA /* Filter.swift */ = {isa = PBXFileReference; fileEncoding = 4; lastKnownFileType = sourcecode.swift; path = Filter.swift; sourceTree = "<group>"; };
		5812C134257C88FB002F88CA /* FilterCollectionViewCell.swift */ = {isa = PBXFileReference; fileEncoding = 4; lastKnownFileType = sourcecode.swift; path = FilterCollectionViewCell.swift; sourceTree = "<group>"; };
		5813E0F2257C453B004F4FA9 /* Places.app */ = {isa = PBXFileReference; explicitFileType = wrapper.application; includeInIndex = 0; path = Places.app; sourceTree = BUILT_PRODUCTS_DIR; };
		5813E0F5257C453B004F4FA9 /* AppDelegate.swift */ = {isa = PBXFileReference; lastKnownFileType = sourcecode.swift; path = AppDelegate.swift; sourceTree = "<group>"; };
		5813E0F7257C453B004F4FA9 /* SceneDelegate.swift */ = {isa = PBXFileReference; lastKnownFileType = sourcecode.swift; path = SceneDelegate.swift; sourceTree = "<group>"; };
		5813E0F9257C453B004F4FA9 /* ViewController.swift */ = {isa = PBXFileReference; lastKnownFileType = sourcecode.swift; path = ViewController.swift; sourceTree = "<group>"; };
		5813E0FE257C453D004F4FA9 /* Assets.xcassets */ = {isa = PBXFileReference; lastKnownFileType = folder.assetcatalog; path = Assets.xcassets; sourceTree = "<group>"; };
		5813E101257C453D004F4FA9 /* Base */ = {isa = PBXFileReference; lastKnownFileType = file.storyboard; name = Base; path = Base.lproj/LaunchScreen.storyboard; sourceTree = "<group>"; };
		5813E103257C453D004F4FA9 /* Info.plist */ = {isa = PBXFileReference; lastKnownFileType = text.plist.xml; path = Info.plist; sourceTree = "<group>"; };
		5840AA0B257D339E0075EB1D /* Place.swift */ = {isa = PBXFileReference; lastKnownFileType = sourcecode.swift; path = Place.swift; sourceTree = "<group>"; };
		5840AA0F257D39C80075EB1D /* PlaceCollectionViewCell.swift */ = {isa = PBXFileReference; lastKnownFileType = sourcecode.swift; path = PlaceCollectionViewCell.swift; sourceTree = "<group>"; };
		5840AA15257D4C210075EB1D /* SearchFilterDelegateController.swift */ = {isa = PBXFileReference; lastKnownFileType = sourcecode.swift; path = SearchFilterDelegateController.swift; sourceTree = "<group>"; };
		585572BB25813AAB00D5226B /* StarView.swift */ = {isa = PBXFileReference; lastKnownFileType = sourcecode.swift; path = StarView.swift; sourceTree = "<group>"; };
		585572BE2582F6E900D5226B /* AddReviewViewController.swift */ = {isa = PBXFileReference; lastKnownFileType = sourcecode.swift; path = AddReviewViewController.swift; sourceTree = "<group>"; };
		5865BCFB257FFEE800F1A0AB /* PlaceDetailViewController.swift */ = {isa = PBXFileReference; lastKnownFileType = sourcecode.swift; path = PlaceDetailViewController.swift; sourceTree = "<group>"; };
		5865BD0425807CEF00F1A0AB /* Review.swift */ = {isa = PBXFileReference; lastKnownFileType = sourcecode.swift; path = Review.swift; sourceTree = "<group>"; };
		5865BD072581108700F1A0AB /* ReviewCollectionViewCell.swift */ = {isa = PBXFileReference; lastKnownFileType = sourcecode.swift; path = ReviewCollectionViewCell.swift; sourceTree = "<group>"; };
		589EE6E4257EBE69003B2B3B /* Data.swift */ = {isa = PBXFileReference; lastKnownFileType = sourcecode.swift; path = Data.swift; sourceTree = "<group>"; };
		904F5B8BEBFA731AE46F24E1 /* Pods-Places.debug.xcconfig */ = {isa = PBXFileReference; includeInIndex = 1; lastKnownFileType = text.xcconfig; name = "Pods-Places.debug.xcconfig"; path = "Target Support Files/Pods-Places/Pods-Places.debug.xcconfig"; sourceTree = "<group>"; };
		B47A5A482580778A00BE0503 /* SignUpViewController.swift */ = {isa = PBXFileReference; lastKnownFileType = sourcecode.swift; path = SignUpViewController.swift; sourceTree = "<group>"; };
		B4A31FA42585B9AA00DB83F9 /* NetworkManager.swift */ = {isa = PBXFileReference; lastKnownFileType = sourcecode.swift; path = NetworkManager.swift; sourceTree = "<group>"; };
		B4A31FAB2585BA7F00DB83F9 /* User.swift */ = {isa = PBXFileReference; lastKnownFileType = sourcecode.swift; path = User.swift; sourceTree = "<group>"; };
		F88186A1449E4E990EF8E1AA /* Pods_Places.framework */ = {isa = PBXFileReference; explicitFileType = wrapper.framework; includeInIndex = 0; path = Pods_Places.framework; sourceTree = BUILT_PRODUCTS_DIR; };
/* End PBXFileReference section */

/* Begin PBXFrameworksBuildPhase section */
		5813E0EF257C453B004F4FA9 /* Frameworks */ = {
			isa = PBXFrameworksBuildPhase;
			buildActionMask = 2147483647;
			files = (
				81777D94215C8C4E359760A1 /* Pods_Places.framework in Frameworks */,
			);
			runOnlyForDeploymentPostprocessing = 0;
		};
/* End PBXFrameworksBuildPhase section */

/* Begin PBXGroup section */
		358C560F065C04EB0F5F565F /* Pods */ = {
			isa = PBXGroup;
			children = (
				904F5B8BEBFA731AE46F24E1 /* Pods-Places.debug.xcconfig */,
				43BACB207D777A151F12732C /* Pods-Places.release.xcconfig */,
			);
			path = Pods;
			sourceTree = "<group>";
		};
		5813E0E9257C453B004F4FA9 = {
			isa = PBXGroup;
			children = (
				5813E0F4257C453B004F4FA9 /* Places */,
				5813E0F3257C453B004F4FA9 /* Products */,
				358C560F065C04EB0F5F565F /* Pods */,
				60E02DE9EBA93CC1FA5A76EE /* Frameworks */,
			);
			sourceTree = "<group>";
		};
		5813E0F3257C453B004F4FA9 /* Products */ = {
			isa = PBXGroup;
			children = (
				5813E0F2257C453B004F4FA9 /* Places.app */,
			);
			name = Products;
			sourceTree = "<group>";
		};
		5813E0F4257C453B004F4FA9 /* Places */ = {
			isa = PBXGroup;
			children = (
				5813E0F5257C453B004F4FA9 /* AppDelegate.swift */,
				5813E0FE257C453D004F4FA9 /* Assets.xcassets */,
				589EE6E4257EBE69003B2B3B /* Data.swift */,
				5812C12E257C88E1002F88CA /* Filter.swift */,
				5812C123257C81A2002F88CA /* FavoritesViewController.swift */,
				5812C134257C88FB002F88CA /* FilterCollectionViewCell.swift */,
				5813E103257C453D004F4FA9 /* Info.plist */,
				5813E100257C453D004F4FA9 /* LaunchScreen.storyboard */,
				5812C11B257C6B9C002F88CA /* MapViewController.swift */,
				5840AA0B257D339E0075EB1D /* Place.swift */,
				5840AA0F257D39C80075EB1D /* PlaceCollectionViewCell.swift */,
				5865BCFB257FFEE800F1A0AB /* PlaceDetailViewController.swift */,
				5865BD0425807CEF00F1A0AB /* Review.swift */,
				5865BD072581108700F1A0AB /* ReviewCollectionViewCell.swift */,
				5813E0F7257C453B004F4FA9 /* SceneDelegate.swift */,
				5840AA15257D4C210075EB1D /* SearchFilterDelegateController.swift */,
				B47A5A482580778A00BE0503 /* SignUpViewController.swift */,
				5812C117257C6AF1002F88CA /* TabBarViewController.swift */,
				5812C11F257C7E34002F88CA /* UserViewController.swift */,
				5813E0F9257C453B004F4FA9 /* ViewController.swift */,
				585572BB25813AAB00D5226B /* StarView.swift */,
				585572BE2582F6E900D5226B /* AddReviewViewController.swift */,
				B4A31FA42585B9AA00DB83F9 /* NetworkManager.swift */,
				B4A31FAB2585BA7F00DB83F9 /* User.swift */,
			);
			path = Places;
			sourceTree = "<group>";
		};
		60E02DE9EBA93CC1FA5A76EE /* Frameworks */ = {
			isa = PBXGroup;
			children = (
				F88186A1449E4E990EF8E1AA /* Pods_Places.framework */,
			);
			name = Frameworks;
			sourceTree = "<group>";
		};
/* End PBXGroup section */

/* Begin PBXNativeTarget section */
		5813E0F1257C453B004F4FA9 /* Places */ = {
			isa = PBXNativeTarget;
			buildConfigurationList = 5813E106257C453D004F4FA9 /* Build configuration list for PBXNativeTarget "Places" */;
			buildPhases = (
				EF8DA4F74A989F0AD2F95C65 /* [CP] Check Pods Manifest.lock */,
				5813E0EE257C453B004F4FA9 /* Sources */,
				5813E0EF257C453B004F4FA9 /* Frameworks */,
				5813E0F0257C453B004F4FA9 /* Resources */,
				CC1B006EA6D1F3D60CDDB122 /* [CP] Embed Pods Frameworks */,
			);
			buildRules = (
			);
			dependencies = (
			);
			name = Places;
			productName = Places;
			productReference = 5813E0F2257C453B004F4FA9 /* Places.app */;
			productType = "com.apple.product-type.application";
		};
/* End PBXNativeTarget section */

/* Begin PBXProject section */
		5813E0EA257C453B004F4FA9 /* Project object */ = {
			isa = PBXProject;
			attributes = {
				LastSwiftUpdateCheck = 1220;
				LastUpgradeCheck = 1220;
				TargetAttributes = {
					5813E0F1257C453B004F4FA9 = {
						CreatedOnToolsVersion = 12.2;
					};
				};
			};
			buildConfigurationList = 5813E0ED257C453B004F4FA9 /* Build configuration list for PBXProject "Places" */;
			compatibilityVersion = "Xcode 9.3";
			developmentRegion = en;
			hasScannedForEncodings = 0;
			knownRegions = (
				en,
				Base,
			);
			mainGroup = 5813E0E9257C453B004F4FA9;
			productRefGroup = 5813E0F3257C453B004F4FA9 /* Products */;
			projectDirPath = "";
			projectRoot = "";
			targets = (
				5813E0F1257C453B004F4FA9 /* Places */,
			);
		};
/* End PBXProject section */

/* Begin PBXResourcesBuildPhase section */
		5813E0F0257C453B004F4FA9 /* Resources */ = {
			isa = PBXResourcesBuildPhase;
			buildActionMask = 2147483647;
			files = (
				5813E102257C453D004F4FA9 /* LaunchScreen.storyboard in Resources */,
				5813E0FF257C453D004F4FA9 /* Assets.xcassets in Resources */,
			);
			runOnlyForDeploymentPostprocessing = 0;
		};
/* End PBXResourcesBuildPhase section */

/* Begin PBXShellScriptBuildPhase section */
		CC1B006EA6D1F3D60CDDB122 /* [CP] Embed Pods Frameworks */ = {
			isa = PBXShellScriptBuildPhase;
			buildActionMask = 2147483647;
			files = (
			);
			inputFileListPaths = (
				"${PODS_ROOT}/Target Support Files/Pods-Places/Pods-Places-frameworks-${CONFIGURATION}-input-files.xcfilelist",
			);
			name = "[CP] Embed Pods Frameworks";
			outputFileListPaths = (
				"${PODS_ROOT}/Target Support Files/Pods-Places/Pods-Places-frameworks-${CONFIGURATION}-output-files.xcfilelist",
			);
			runOnlyForDeploymentPostprocessing = 0;
			shellPath = /bin/sh;
			shellScript = "\"${PODS_ROOT}/Target Support Files/Pods-Places/Pods-Places-frameworks.sh\"\n";
			showEnvVarsInLog = 0;
		};
		EF8DA4F74A989F0AD2F95C65 /* [CP] Check Pods Manifest.lock */ = {
			isa = PBXShellScriptBuildPhase;
			buildActionMask = 2147483647;
			files = (
			);
			inputFileListPaths = (
			);
			inputPaths = (
				"${PODS_PODFILE_DIR_PATH}/Podfile.lock",
				"${PODS_ROOT}/Manifest.lock",
			);
			name = "[CP] Check Pods Manifest.lock";
			outputFileListPaths = (
			);
			outputPaths = (
				"$(DERIVED_FILE_DIR)/Pods-Places-checkManifestLockResult.txt",
			);
			runOnlyForDeploymentPostprocessing = 0;
			shellPath = /bin/sh;
			shellScript = "diff \"${PODS_PODFILE_DIR_PATH}/Podfile.lock\" \"${PODS_ROOT}/Manifest.lock\" > /dev/null\nif [ $? != 0 ] ; then\n    # print error to STDERR\n    echo \"error: The sandbox is not in sync with the Podfile.lock. Run 'pod install' or update your CocoaPods installation.\" >&2\n    exit 1\nfi\n# This output is used by Xcode 'outputs' to avoid re-running this script phase.\necho \"SUCCESS\" > \"${SCRIPT_OUTPUT_FILE_0}\"\n";
			showEnvVarsInLog = 0;
		};
/* End PBXShellScriptBuildPhase section */

/* Begin PBXSourcesBuildPhase section */
		5813E0EE257C453B004F4FA9 /* Sources */ = {
			isa = PBXSourcesBuildPhase;
			buildActionMask = 2147483647;
			files = (
				585572BC25813AAB00D5226B /* StarView.swift in Sources */,
				5840AA10257D39C80075EB1D /* PlaceCollectionViewCell.swift in Sources */,
				5840AA0C257D339E0075EB1D /* Place.swift in Sources */,
				5865BD082581108700F1A0AB /* ReviewCollectionViewCell.swift in Sources */,
				5812C118257C6AF1002F88CA /* TabBarViewController.swift in Sources */,
				5812C120257C7E34002F88CA /* UserViewController.swift in Sources */,
				585572BF2582F6E900D5226B /* AddReviewViewController.swift in Sources */,
				5840AA16257D4C210075EB1D /* SearchFilterDelegateController.swift in Sources */,
				5812C135257C88FB002F88CA /* FilterCollectionViewCell.swift in Sources */,
				5812C124257C81A2002F88CA /* FavoritesViewController.swift in Sources */,
				5813E0FA257C453B004F4FA9 /* ViewController.swift in Sources */,
				589EE6E5257EBE69003B2B3B /* Data.swift in Sources */,
				B4A31FA52585B9AA00DB83F9 /* NetworkManager.swift in Sources */,
				5865BD0525807CEF00F1A0AB /* Review.swift in Sources */,
				B47A5A492580778A00BE0503 /* SignUpViewController.swift in Sources */,
				5865BCFC257FFEE800F1A0AB /* PlaceDetailViewController.swift in Sources */,
				5813E0F6257C453B004F4FA9 /* AppDelegate.swift in Sources */,
				5812C11C257C6B9C002F88CA /* MapViewController.swift in Sources */,
				5812C12F257C88E1002F88CA /* Filter.swift in Sources */,
				5813E0F8257C453B004F4FA9 /* SceneDelegate.swift in Sources */,
				B4A31FAC2585BA7F00DB83F9 /* User.swift in Sources */,
			);
			runOnlyForDeploymentPostprocessing = 0;
		};
/* End PBXSourcesBuildPhase section */

/* Begin PBXVariantGroup section */
		5813E100257C453D004F4FA9 /* LaunchScreen.storyboard */ = {
			isa = PBXVariantGroup;
			children = (
				5813E101257C453D004F4FA9 /* Base */,
			);
			name = LaunchScreen.storyboard;
			sourceTree = "<group>";
		};
/* End PBXVariantGroup section */

/* Begin XCBuildConfiguration section */
		5813E104257C453D004F4FA9 /* Debug */ = {
			isa = XCBuildConfiguration;
			buildSettings = {
				ALWAYS_SEARCH_USER_PATHS = NO;
				CLANG_ANALYZER_NONNULL = YES;
				CLANG_ANALYZER_NUMBER_OBJECT_CONVERSION = YES_AGGRESSIVE;
				CLANG_CXX_LANGUAGE_STANDARD = "gnu++14";
				CLANG_CXX_LIBRARY = "libc++";
				CLANG_ENABLE_MODULES = YES;
				CLANG_ENABLE_OBJC_ARC = YES;
				CLANG_ENABLE_OBJC_WEAK = YES;
				CLANG_WARN_BLOCK_CAPTURE_AUTORELEASING = YES;
				CLANG_WARN_BOOL_CONVERSION = YES;
				CLANG_WARN_COMMA = YES;
				CLANG_WARN_CONSTANT_CONVERSION = YES;
				CLANG_WARN_DEPRECATED_OBJC_IMPLEMENTATIONS = YES;
				CLANG_WARN_DIRECT_OBJC_ISA_USAGE = YES_ERROR;
				CLANG_WARN_DOCUMENTATION_COMMENTS = YES;
				CLANG_WARN_EMPTY_BODY = YES;
				CLANG_WARN_ENUM_CONVERSION = YES;
				CLANG_WARN_INFINITE_RECURSION = YES;
				CLANG_WARN_INT_CONVERSION = YES;
				CLANG_WARN_NON_LITERAL_NULL_CONVERSION = YES;
				CLANG_WARN_OBJC_IMPLICIT_RETAIN_SELF = YES;
				CLANG_WARN_OBJC_LITERAL_CONVERSION = YES;
				CLANG_WARN_OBJC_ROOT_CLASS = YES_ERROR;
				CLANG_WARN_QUOTED_INCLUDE_IN_FRAMEWORK_HEADER = YES;
				CLANG_WARN_RANGE_LOOP_ANALYSIS = YES;
				CLANG_WARN_STRICT_PROTOTYPES = YES;
				CLANG_WARN_SUSPICIOUS_MOVE = YES;
				CLANG_WARN_UNGUARDED_AVAILABILITY = YES_AGGRESSIVE;
				CLANG_WARN_UNREACHABLE_CODE = YES;
				CLANG_WARN__DUPLICATE_METHOD_MATCH = YES;
				COPY_PHASE_STRIP = NO;
				DEBUG_INFORMATION_FORMAT = dwarf;
				ENABLE_STRICT_OBJC_MSGSEND = YES;
				ENABLE_TESTABILITY = YES;
				GCC_C_LANGUAGE_STANDARD = gnu11;
				GCC_DYNAMIC_NO_PIC = NO;
				GCC_NO_COMMON_BLOCKS = YES;
				GCC_OPTIMIZATION_LEVEL = 0;
				GCC_PREPROCESSOR_DEFINITIONS = (
					"DEBUG=1",
					"$(inherited)",
				);
				GCC_WARN_64_TO_32_BIT_CONVERSION = YES;
				GCC_WARN_ABOUT_RETURN_TYPE = YES_ERROR;
				GCC_WARN_UNDECLARED_SELECTOR = YES;
				GCC_WARN_UNINITIALIZED_AUTOS = YES_AGGRESSIVE;
				GCC_WARN_UNUSED_FUNCTION = YES;
				GCC_WARN_UNUSED_VARIABLE = YES;
				IPHONEOS_DEPLOYMENT_TARGET = 14.2;
				MTL_ENABLE_DEBUG_INFO = INCLUDE_SOURCE;
				MTL_FAST_MATH = YES;
				ONLY_ACTIVE_ARCH = YES;
				SDKROOT = iphoneos;
				SWIFT_ACTIVE_COMPILATION_CONDITIONS = DEBUG;
				SWIFT_OPTIMIZATION_LEVEL = "-Onone";
			};
			name = Debug;
		};
		5813E105257C453D004F4FA9 /* Release */ = {
			isa = XCBuildConfiguration;
			buildSettings = {
				ALWAYS_SEARCH_USER_PATHS = NO;
				CLANG_ANALYZER_NONNULL = YES;
				CLANG_ANALYZER_NUMBER_OBJECT_CONVERSION = YES_AGGRESSIVE;
				CLANG_CXX_LANGUAGE_STANDARD = "gnu++14";
				CLANG_CXX_LIBRARY = "libc++";
				CLANG_ENABLE_MODULES = YES;
				CLANG_ENABLE_OBJC_ARC = YES;
				CLANG_ENABLE_OBJC_WEAK = YES;
				CLANG_WARN_BLOCK_CAPTURE_AUTORELEASING = YES;
				CLANG_WARN_BOOL_CONVERSION = YES;
				CLANG_WARN_COMMA = YES;
				CLANG_WARN_CONSTANT_CONVERSION = YES;
				CLANG_WARN_DEPRECATED_OBJC_IMPLEMENTATIONS = YES;
				CLANG_WARN_DIRECT_OBJC_ISA_USAGE = YES_ERROR;
				CLANG_WARN_DOCUMENTATION_COMMENTS = YES;
				CLANG_WARN_EMPTY_BODY = YES;
				CLANG_WARN_ENUM_CONVERSION = YES;
				CLANG_WARN_INFINITE_RECURSION = YES;
				CLANG_WARN_INT_CONVERSION = YES;
				CLANG_WARN_NON_LITERAL_NULL_CONVERSION = YES;
				CLANG_WARN_OBJC_IMPLICIT_RETAIN_SELF = YES;
				CLANG_WARN_OBJC_LITERAL_CONVERSION = YES;
				CLANG_WARN_OBJC_ROOT_CLASS = YES_ERROR;
				CLANG_WARN_QUOTED_INCLUDE_IN_FRAMEWORK_HEADER = YES;
				CLANG_WARN_RANGE_LOOP_ANALYSIS = YES;
				CLANG_WARN_STRICT_PROTOTYPES = YES;
				CLANG_WARN_SUSPICIOUS_MOVE = YES;
				CLANG_WARN_UNGUARDED_AVAILABILITY = YES_AGGRESSIVE;
				CLANG_WARN_UNREACHABLE_CODE = YES;
				CLANG_WARN__DUPLICATE_METHOD_MATCH = YES;
				COPY_PHASE_STRIP = NO;
				DEBUG_INFORMATION_FORMAT = "dwarf-with-dsym";
				ENABLE_NS_ASSERTIONS = NO;
				ENABLE_STRICT_OBJC_MSGSEND = YES;
				GCC_C_LANGUAGE_STANDARD = gnu11;
				GCC_NO_COMMON_BLOCKS = YES;
				GCC_WARN_64_TO_32_BIT_CONVERSION = YES;
				GCC_WARN_ABOUT_RETURN_TYPE = YES_ERROR;
				GCC_WARN_UNDECLARED_SELECTOR = YES;
				GCC_WARN_UNINITIALIZED_AUTOS = YES_AGGRESSIVE;
				GCC_WARN_UNUSED_FUNCTION = YES;
				GCC_WARN_UNUSED_VARIABLE = YES;
				IPHONEOS_DEPLOYMENT_TARGET = 14.2;
				MTL_ENABLE_DEBUG_INFO = NO;
				MTL_FAST_MATH = YES;
				SDKROOT = iphoneos;
				SWIFT_COMPILATION_MODE = wholemodule;
				SWIFT_OPTIMIZATION_LEVEL = "-O";
				VALIDATE_PRODUCT = YES;
			};
			name = Release;
		};
		5813E107257C453D004F4FA9 /* Debug */ = {
			isa = XCBuildConfiguration;
			baseConfigurationReference = 904F5B8BEBFA731AE46F24E1 /* Pods-Places.debug.xcconfig */;
			buildSettings = {
				ASSETCATALOG_COMPILER_APPICON_NAME = AppIcon;
				ASSETCATALOG_COMPILER_GLOBAL_ACCENT_COLOR_NAME = AccentColor;
				CODE_SIGN_STYLE = Automatic;
				DEVELOPMENT_TEAM = V34D2667KY;
				INFOPLIST_FILE = Places/Info.plist;
				IPHONEOS_DEPLOYMENT_TARGET = 14.1;
				LD_RUNPATH_SEARCH_PATHS = (
					"$(inherited)",
					"@executable_path/Frameworks",
				);
				PRODUCT_BUNDLE_IDENTIFIER = edu.cornell.rhv26.Places;
				PRODUCT_NAME = "$(TARGET_NAME)";
				SWIFT_VERSION = 5.0;
				TARGETED_DEVICE_FAMILY = "1,2";
			};
			name = Debug;
		};
		5813E108257C453D004F4FA9 /* Release */ = {
			isa = XCBuildConfiguration;
			baseConfigurationReference = 43BACB207D777A151F12732C /* Pods-Places.release.xcconfig */;
			buildSettings = {
				ASSETCATALOG_COMPILER_APPICON_NAME = AppIcon;
				ASSETCATALOG_COMPILER_GLOBAL_ACCENT_COLOR_NAME = AccentColor;
				CODE_SIGN_STYLE = Automatic;
				DEVELOPMENT_TEAM = V34D2667KY;
				INFOPLIST_FILE = Places/Info.plist;
				IPHONEOS_DEPLOYMENT_TARGET = 14.1;
				LD_RUNPATH_SEARCH_PATHS = (
					"$(inherited)",
					"@executable_path/Frameworks",
				);
				PRODUCT_BUNDLE_IDENTIFIER = edu.cornell.rhv26.Places;
				PRODUCT_NAME = "$(TARGET_NAME)";
				SWIFT_VERSION = 5.0;
				TARGETED_DEVICE_FAMILY = "1,2";
			};
			name = Release;
		};
/* End XCBuildConfiguration section */

/* Begin XCConfigurationList section */
		5813E0ED257C453B004F4FA9 /* Build configuration list for PBXProject "Places" */ = {
			isa = XCConfigurationList;
			buildConfigurations = (
				5813E104257C453D004F4FA9 /* Debug */,
				5813E105257C453D004F4FA9 /* Release */,
			);
			defaultConfigurationIsVisible = 0;
			defaultConfigurationName = Release;
		};
		5813E106257C453D004F4FA9 /* Build configuration list for PBXNativeTarget "Places" */ = {
			isa = XCConfigurationList;
			buildConfigurations = (
				5813E107257C453D004F4FA9 /* Debug */,
				5813E108257C453D004F4FA9 /* Release */,
			);
			defaultConfigurationIsVisible = 0;
			defaultConfigurationName = Release;
		};
/* End XCConfigurationList section */
	};
	rootObject = 5813E0EA257C453B004F4FA9 /* Project object */;
}
